// !$*UTF8*$!
{
	archiveVersion = 1;
	classes = {
	};
	objectVersion = 50;
	objects = {

/* Begin PBXBuildFile section */
		936EB3D9BC4E47FA939244AE /* Pods_ThriftEUITests.framework in Frameworks */ = {isa = PBXBuildFile; fileRef = 3BEBA85617088B4813D3D29B /* Pods_ThriftEUITests.framework */; };
		9403F944222DE8DE00E6159D /* Expense+CoreDataClass.swift in Sources */ = {isa = PBXBuildFile; fileRef = 9403F942222DE8DE00E6159D /* Expense+CoreDataClass.swift */; };
		9403F945222DE8DE00E6159D /* Expense+CoreDataProperties.swift in Sources */ = {isa = PBXBuildFile; fileRef = 9403F943222DE8DE00E6159D /* Expense+CoreDataProperties.swift */; };
		9413D3842225B38E00040243 /* ExpenseCategoryPickerViewController.swift in Sources */ = {isa = PBXBuildFile; fileRef = 9413D3832225B38E00040243 /* ExpenseCategoryPickerViewController.swift */; };
		942355F922428D7200AC1036 /* FilteredExpenseListPage.swift in Sources */ = {isa = PBXBuildFile; fileRef = 942355F822428D7200AC1036 /* FilteredExpenseListPage.swift */; };
		942355FB22428E1600AC1036 /* AnalyzeExpensesPage.swift in Sources */ = {isa = PBXBuildFile; fileRef = 942355FA22428E1600AC1036 /* AnalyzeExpensesPage.swift */; };
		942355FD22428EE400AC1036 /* AnalyzeExpensesPageTests.swift in Sources */ = {isa = PBXBuildFile; fileRef = 942355FC22428EE400AC1036 /* AnalyzeExpensesPageTests.swift */; };
		942355FF2242940E00AC1036 /* TabBarPageObect.swift in Sources */ = {isa = PBXBuildFile; fileRef = 942355FE2242940E00AC1036 /* TabBarPageObect.swift */; };
		942356012245356300AC1036 /* XCUIElement+Helpers.swift in Sources */ = {isa = PBXBuildFile; fileRef = 942356002245356200AC1036 /* XCUIElement+Helpers.swift */; };
		9425855A223E9F490054863F /* FilteredExpenseListViewController.swift in Sources */ = {isa = PBXBuildFile; fileRef = 94258559223E9F490054863F /* FilteredExpenseListViewController.swift */; };
		9425855C223EB1C80054863F /* BaseExpenseListViewController.swift in Sources */ = {isa = PBXBuildFile; fileRef = 9425855B223EB1C80054863F /* BaseExpenseListViewController.swift */; };
		94309B2D2234842100B70232 /* Foundation.framework in Frameworks */ = {isa = PBXBuildFile; fileRef = 949434CB2234834100B834DE /* Foundation.framework */; };
		94309B2F22358B3E00B70232 /* ExpenseListPage.swift in Sources */ = {isa = PBXBuildFile; fileRef = 94309B2E22358B3E00B70232 /* ExpenseListPage.swift */; };
		94309B3122358F3300B70232 /* ExpenseListPageTests.swift in Sources */ = {isa = PBXBuildFile; fileRef = 94309B3022358F3300B70232 /* ExpenseListPageTests.swift */; };
		94309B342235953500B70232 /* ExpenseDetailPage.swift in Sources */ = {isa = PBXBuildFile; fileRef = 94309B332235953500B70232 /* ExpenseDetailPage.swift */; };
		94309B38223597D800B70232 /* ExpenseDetailPageTests.swift in Sources */ = {isa = PBXBuildFile; fileRef = 94309B37223597D800B70232 /* ExpenseDetailPageTests.swift */; };
		94309B4122369E6900B70232 /* Springboard.swift in Sources */ = {isa = PBXBuildFile; fileRef = 94309B4022369E6900B70232 /* Springboard.swift */; };
		94309B452237F6B200B70232 /* DateFormattingFunctions.swift in Sources */ = {isa = PBXBuildFile; fileRef = 94309B442237F6B200B70232 /* DateFormattingFunctions.swift */; };
		94309B4722380DDE00B70232 /* ExpenseCategoryPage.swift in Sources */ = {isa = PBXBuildFile; fileRef = 94309B4622380DDE00B70232 /* ExpenseCategoryPage.swift */; };
		94309B4922381B3300B70232 /* ExpenseCategoryPageTests.swift in Sources */ = {isa = PBXBuildFile; fileRef = 94309B4822381B3300B70232 /* ExpenseCategoryPageTests.swift */; };
		94309B51223AC48D00B70232 /* MyTabBarController.swift in Sources */ = {isa = PBXBuildFile; fileRef = 94309B50223AC48D00B70232 /* MyTabBarController.swift */; };
		94309B53223B015100B70232 /* ExpenseListCell.swift in Sources */ = {isa = PBXBuildFile; fileRef = 94309B52223B015100B70232 /* ExpenseListCell.swift */; };
		943170A821E01A5C00109FC8 /* AppDelegate.swift in Sources */ = {isa = PBXBuildFile; fileRef = 943170A721E01A5C00109FC8 /* AppDelegate.swift */; };
		943170AA21E01A5C00109FC8 /* ExpenseListViewController.swift in Sources */ = {isa = PBXBuildFile; fileRef = 943170A921E01A5C00109FC8 /* ExpenseListViewController.swift */; };
		943170AD21E01A5C00109FC8 /* Main.storyboard in Resources */ = {isa = PBXBuildFile; fileRef = 943170AB21E01A5C00109FC8 /* Main.storyboard */; };
		943170AF21E01A5D00109FC8 /* Assets.xcassets in Resources */ = {isa = PBXBuildFile; fileRef = 943170AE21E01A5D00109FC8 /* Assets.xcassets */; };
		943170B221E01A5D00109FC8 /* LaunchScreen.storyboard in Resources */ = {isa = PBXBuildFile; fileRef = 943170B021E01A5D00109FC8 /* LaunchScreen.storyboard */; };
		943170BD21E01A5D00109FC8 /* ThriftETests.swift in Sources */ = {isa = PBXBuildFile; fileRef = 943170BC21E01A5D00109FC8 /* ThriftETests.swift */; };
		943170C821E01A5D00109FC8 /* ThriftEUIBaseTestCase.swift in Sources */ = {isa = PBXBuildFile; fileRef = 943170C721E01A5D00109FC8 /* ThriftEUIBaseTestCase.swift */; };
		949FD71821E1337D00B4212D /* ExpenseDetailViewController.swift in Sources */ = {isa = PBXBuildFile; fileRef = 949FD71721E1337D00B4212D /* ExpenseDetailViewController.swift */; };
		94AECF90222322D800730707 /* Functions.swift in Sources */ = {isa = PBXBuildFile; fileRef = 94AECF8F222322D800730707 /* Functions.swift */; };
		94AECF92222323F100730707 /* AnalyzeExpensesViewController.swift in Sources */ = {isa = PBXBuildFile; fileRef = 94AECF91222323F100730707 /* AnalyzeExpensesViewController.swift */; };
		94BE65ED223FF206004841B5 /* Date+Helpers.swift in Sources */ = {isa = PBXBuildFile; fileRef = 94BE65EC223FF206004841B5 /* Date+Helpers.swift */; };
		94E72DE02226F22C0035F789 /* ExpenseCategories.swift in Sources */ = {isa = PBXBuildFile; fileRef = 94E72DDF2226F22C0035F789 /* ExpenseCategories.swift */; };
		94E72DE5222DCF7E0035F789 /* DataModel.xcdatamodeld in Sources */ = {isa = PBXBuildFile; fileRef = 94E72DE3222DCF7E0035F789 /* DataModel.xcdatamodeld */; };
		F1AAEA934E3F84EF4DF64F41 /* Pods_ThriftETests.framework in Frameworks */ = {isa = PBXBuildFile; fileRef = 1D3D1F209905534417E465D0 /* Pods_ThriftETests.framework */; };
		F8D6096E733B840A6A0BB45B /* Pods_ThriftE.framework in Frameworks */ = {isa = PBXBuildFile; fileRef = F814D7B03395040860B5A863 /* Pods_ThriftE.framework */; };
/* End PBXBuildFile section */

/* Begin PBXContainerItemProxy section */
		943170B921E01A5D00109FC8 /* PBXContainerItemProxy */ = {
			isa = PBXContainerItemProxy;
			containerPortal = 9431709C21E01A5C00109FC8 /* Project object */;
			proxyType = 1;
			remoteGlobalIDString = 943170A321E01A5C00109FC8;
			remoteInfo = ThriftE;
		};
		943170C421E01A5D00109FC8 /* PBXContainerItemProxy */ = {
			isa = PBXContainerItemProxy;
			containerPortal = 9431709C21E01A5C00109FC8 /* Project object */;
			proxyType = 1;
			remoteGlobalIDString = 943170A321E01A5C00109FC8;
			remoteInfo = ThriftE;
		};
/* End PBXContainerItemProxy section */

/* Begin PBXFileReference section */
		10D147D877DC5AB6AE6C67DB /* Pods-ThriftETests.debug.xcconfig */ = {isa = PBXFileReference; includeInIndex = 1; lastKnownFileType = text.xcconfig; name = "Pods-ThriftETests.debug.xcconfig"; path = "Target Support Files/Pods-ThriftETests/Pods-ThriftETests.debug.xcconfig"; sourceTree = "<group>"; };
		1D3D1F209905534417E465D0 /* Pods_ThriftETests.framework */ = {isa = PBXFileReference; explicitFileType = wrapper.framework; includeInIndex = 0; path = Pods_ThriftETests.framework; sourceTree = BUILT_PRODUCTS_DIR; };
		3BEBA85617088B4813D3D29B /* Pods_ThriftEUITests.framework */ = {isa = PBXFileReference; explicitFileType = wrapper.framework; includeInIndex = 0; path = Pods_ThriftEUITests.framework; sourceTree = BUILT_PRODUCTS_DIR; };
		4932405A901907F909209FDC /* Pods-ThriftEUITests.debug.xcconfig */ = {isa = PBXFileReference; includeInIndex = 1; lastKnownFileType = text.xcconfig; name = "Pods-ThriftEUITests.debug.xcconfig"; path = "Target Support Files/Pods-ThriftEUITests/Pods-ThriftEUITests.debug.xcconfig"; sourceTree = "<group>"; };
		5B3937BC03D1A78D06A17DD8 /* Pods-ThriftE.release.xcconfig */ = {isa = PBXFileReference; includeInIndex = 1; lastKnownFileType = text.xcconfig; name = "Pods-ThriftE.release.xcconfig"; path = "Target Support Files/Pods-ThriftE/Pods-ThriftE.release.xcconfig"; sourceTree = "<group>"; };
		6E81D98265BE94D7CCEE86EC /* Pods-ThriftE.debug.xcconfig */ = {isa = PBXFileReference; includeInIndex = 1; lastKnownFileType = text.xcconfig; name = "Pods-ThriftE.debug.xcconfig"; path = "Target Support Files/Pods-ThriftE/Pods-ThriftE.debug.xcconfig"; sourceTree = "<group>"; };
		8EEFEE9B0BE5782E394E1E13 /* Pods-ThriftETests.release.xcconfig */ = {isa = PBXFileReference; includeInIndex = 1; lastKnownFileType = text.xcconfig; name = "Pods-ThriftETests.release.xcconfig"; path = "Target Support Files/Pods-ThriftETests/Pods-ThriftETests.release.xcconfig"; sourceTree = "<group>"; };
		9403F942222DE8DE00E6159D /* Expense+CoreDataClass.swift */ = {isa = PBXFileReference; lastKnownFileType = sourcecode.swift; path = "Expense+CoreDataClass.swift"; sourceTree = "<group>"; };
		9403F943222DE8DE00E6159D /* Expense+CoreDataProperties.swift */ = {isa = PBXFileReference; lastKnownFileType = sourcecode.swift; path = "Expense+CoreDataProperties.swift"; sourceTree = "<group>"; };
		9413D3832225B38E00040243 /* ExpenseCategoryPickerViewController.swift */ = {isa = PBXFileReference; lastKnownFileType = sourcecode.swift; path = ExpenseCategoryPickerViewController.swift; sourceTree = "<group>"; };
		942355F822428D7200AC1036 /* FilteredExpenseListPage.swift */ = {isa = PBXFileReference; lastKnownFileType = sourcecode.swift; path = FilteredExpenseListPage.swift; sourceTree = "<group>"; };
		942355FA22428E1600AC1036 /* AnalyzeExpensesPage.swift */ = {isa = PBXFileReference; lastKnownFileType = sourcecode.swift; path = AnalyzeExpensesPage.swift; sourceTree = "<group>"; };
		942355FC22428EE400AC1036 /* AnalyzeExpensesPageTests.swift */ = {isa = PBXFileReference; lastKnownFileType = sourcecode.swift; path = AnalyzeExpensesPageTests.swift; sourceTree = "<group>"; };
		942355FE2242940E00AC1036 /* TabBarPageObect.swift */ = {isa = PBXFileReference; lastKnownFileType = sourcecode.swift; path = TabBarPageObect.swift; sourceTree = "<group>"; };
		942356002245356200AC1036 /* XCUIElement+Helpers.swift */ = {isa = PBXFileReference; lastKnownFileType = sourcecode.swift; path = "XCUIElement+Helpers.swift"; sourceTree = "<group>"; };
		94258559223E9F490054863F /* FilteredExpenseListViewController.swift */ = {isa = PBXFileReference; lastKnownFileType = sourcecode.swift; path = FilteredExpenseListViewController.swift; sourceTree = "<group>"; };
		9425855B223EB1C80054863F /* BaseExpenseListViewController.swift */ = {isa = PBXFileReference; lastKnownFileType = sourcecode.swift; path = BaseExpenseListViewController.swift; sourceTree = "<group>"; };
		94309B2E22358B3E00B70232 /* ExpenseListPage.swift */ = {isa = PBXFileReference; lastKnownFileType = sourcecode.swift; path = ExpenseListPage.swift; sourceTree = "<group>"; };
		94309B3022358F3300B70232 /* ExpenseListPageTests.swift */ = {isa = PBXFileReference; lastKnownFileType = sourcecode.swift; path = ExpenseListPageTests.swift; sourceTree = "<group>"; };
		94309B332235953500B70232 /* ExpenseDetailPage.swift */ = {isa = PBXFileReference; lastKnownFileType = sourcecode.swift; path = ExpenseDetailPage.swift; sourceTree = "<group>"; };
		94309B37223597D800B70232 /* ExpenseDetailPageTests.swift */ = {isa = PBXFileReference; lastKnownFileType = sourcecode.swift; path = ExpenseDetailPageTests.swift; sourceTree = "<group>"; };
		94309B4022369E6900B70232 /* Springboard.swift */ = {isa = PBXFileReference; lastKnownFileType = sourcecode.swift; path = Springboard.swift; sourceTree = "<group>"; };
		94309B442237F6B200B70232 /* DateFormattingFunctions.swift */ = {isa = PBXFileReference; lastKnownFileType = sourcecode.swift; path = DateFormattingFunctions.swift; sourceTree = "<group>"; };
		94309B4622380DDE00B70232 /* ExpenseCategoryPage.swift */ = {isa = PBXFileReference; lastKnownFileType = sourcecode.swift; path = ExpenseCategoryPage.swift; sourceTree = "<group>"; };
		94309B4822381B3300B70232 /* ExpenseCategoryPageTests.swift */ = {isa = PBXFileReference; lastKnownFileType = sourcecode.swift; path = ExpenseCategoryPageTests.swift; sourceTree = "<group>"; };
		94309B50223AC48D00B70232 /* MyTabBarController.swift */ = {isa = PBXFileReference; lastKnownFileType = sourcecode.swift; path = MyTabBarController.swift; sourceTree = "<group>"; };
		94309B52223B015100B70232 /* ExpenseListCell.swift */ = {isa = PBXFileReference; lastKnownFileType = sourcecode.swift; path = ExpenseListCell.swift; sourceTree = "<group>"; };
		943170A421E01A5C00109FC8 /* ThriftE.app */ = {isa = PBXFileReference; explicitFileType = wrapper.application; includeInIndex = 0; path = ThriftE.app; sourceTree = BUILT_PRODUCTS_DIR; };
		943170A721E01A5C00109FC8 /* AppDelegate.swift */ = {isa = PBXFileReference; lastKnownFileType = sourcecode.swift; path = AppDelegate.swift; sourceTree = "<group>"; };
		943170A921E01A5C00109FC8 /* ExpenseListViewController.swift */ = {isa = PBXFileReference; lastKnownFileType = sourcecode.swift; path = ExpenseListViewController.swift; sourceTree = "<group>"; };
		943170AC21E01A5C00109FC8 /* Base */ = {isa = PBXFileReference; lastKnownFileType = file.storyboard; name = Base; path = Base.lproj/Main.storyboard; sourceTree = "<group>"; };
		943170AE21E01A5D00109FC8 /* Assets.xcassets */ = {isa = PBXFileReference; lastKnownFileType = folder.assetcatalog; path = Assets.xcassets; sourceTree = "<group>"; };
		943170B121E01A5D00109FC8 /* Base */ = {isa = PBXFileReference; lastKnownFileType = file.storyboard; name = Base; path = Base.lproj/LaunchScreen.storyboard; sourceTree = "<group>"; };
		943170B321E01A5D00109FC8 /* Info.plist */ = {isa = PBXFileReference; lastKnownFileType = text.plist.xml; path = Info.plist; sourceTree = "<group>"; };
		943170B821E01A5D00109FC8 /* ThriftETests.xctest */ = {isa = PBXFileReference; explicitFileType = wrapper.cfbundle; includeInIndex = 0; path = ThriftETests.xctest; sourceTree = BUILT_PRODUCTS_DIR; };
		943170BC21E01A5D00109FC8 /* ThriftETests.swift */ = {isa = PBXFileReference; lastKnownFileType = sourcecode.swift; path = ThriftETests.swift; sourceTree = "<group>"; };
		943170BE21E01A5D00109FC8 /* Info.plist */ = {isa = PBXFileReference; lastKnownFileType = text.plist.xml; path = Info.plist; sourceTree = "<group>"; };
		943170C321E01A5D00109FC8 /* ThriftEUITests.xctest */ = {isa = PBXFileReference; explicitFileType = wrapper.cfbundle; includeInIndex = 0; path = ThriftEUITests.xctest; sourceTree = BUILT_PRODUCTS_DIR; };
		943170C721E01A5D00109FC8 /* ThriftEUIBaseTestCase.swift */ = {isa = PBXFileReference; lastKnownFileType = sourcecode.swift; path = ThriftEUIBaseTestCase.swift; sourceTree = "<group>"; };
		943170C921E01A5D00109FC8 /* Info.plist */ = {isa = PBXFileReference; lastKnownFileType = text.plist.xml; path = Info.plist; sourceTree = "<group>"; };
		949434CB2234834100B834DE /* Foundation.framework */ = {isa = PBXFileReference; lastKnownFileType = wrapper.framework; name = Foundation.framework; path = System/Library/Frameworks/Foundation.framework; sourceTree = SDKROOT; };
		949FD71721E1337D00B4212D /* ExpenseDetailViewController.swift */ = {isa = PBXFileReference; lastKnownFileType = sourcecode.swift; path = ExpenseDetailViewController.swift; sourceTree = "<group>"; };
		94AECF8F222322D800730707 /* Functions.swift */ = {isa = PBXFileReference; lastKnownFileType = sourcecode.swift; path = Functions.swift; sourceTree = "<group>"; };
		94AECF91222323F100730707 /* AnalyzeExpensesViewController.swift */ = {isa = PBXFileReference; lastKnownFileType = sourcecode.swift; path = AnalyzeExpensesViewController.swift; sourceTree = "<group>"; };
		94BE65EC223FF206004841B5 /* Date+Helpers.swift */ = {isa = PBXFileReference; lastKnownFileType = sourcecode.swift; path = "Date+Helpers.swift"; sourceTree = "<group>"; };
		94E72DDF2226F22C0035F789 /* ExpenseCategories.swift */ = {isa = PBXFileReference; lastKnownFileType = sourcecode.swift; path = ExpenseCategories.swift; sourceTree = "<group>"; };
		94E72DE4222DCF7E0035F789 /* DataModel.xcdatamodel */ = {isa = PBXFileReference; lastKnownFileType = wrapper.xcdatamodel; path = DataModel.xcdatamodel; sourceTree = "<group>"; };
		B15D44B28F315796C27538CF /* Pods-ThriftEUITests.release.xcconfig */ = {isa = PBXFileReference; includeInIndex = 1; lastKnownFileType = text.xcconfig; name = "Pods-ThriftEUITests.release.xcconfig"; path = "Target Support Files/Pods-ThriftEUITests/Pods-ThriftEUITests.release.xcconfig"; sourceTree = "<group>"; };
		F814D7B03395040860B5A863 /* Pods_ThriftE.framework */ = {isa = PBXFileReference; explicitFileType = wrapper.framework; includeInIndex = 0; path = Pods_ThriftE.framework; sourceTree = BUILT_PRODUCTS_DIR; };
/* End PBXFileReference section */

/* Begin PBXFrameworksBuildPhase section */
		943170A121E01A5C00109FC8 /* Frameworks */ = {
			isa = PBXFrameworksBuildPhase;
			buildActionMask = 2147483647;
			files = (
				94309B2D2234842100B70232 /* Foundation.framework in Frameworks */,
				F8D6096E733B840A6A0BB45B /* Pods_ThriftE.framework in Frameworks */,
			);
			runOnlyForDeploymentPostprocessing = 0;
		};
		943170B521E01A5D00109FC8 /* Frameworks */ = {
			isa = PBXFrameworksBuildPhase;
			buildActionMask = 2147483647;
			files = (
				F1AAEA934E3F84EF4DF64F41 /* Pods_ThriftETests.framework in Frameworks */,
			);
			runOnlyForDeploymentPostprocessing = 0;
		};
		943170C021E01A5D00109FC8 /* Frameworks */ = {
			isa = PBXFrameworksBuildPhase;
			buildActionMask = 2147483647;
			files = (
				936EB3D9BC4E47FA939244AE /* Pods_ThriftEUITests.framework in Frameworks */,
			);
			runOnlyForDeploymentPostprocessing = 0;
		};
/* End PBXFrameworksBuildPhase section */

/* Begin PBXGroup section */
		81094C9DA8F21F506370E542 /* Frameworks */ = {
			isa = PBXGroup;
			children = (
				949434CB2234834100B834DE /* Foundation.framework */,
				F814D7B03395040860B5A863 /* Pods_ThriftE.framework */,
				1D3D1F209905534417E465D0 /* Pods_ThriftETests.framework */,
				3BEBA85617088B4813D3D29B /* Pods_ThriftEUITests.framework */,
			);
			name = Frameworks;
			sourceTree = "<group>";
		};
		94309B3222358F5A00B70232 /* Page Objects */ = {
			isa = PBXGroup;
			children = (
				942355FA22428E1600AC1036 /* AnalyzeExpensesPage.swift */,
				94309B4622380DDE00B70232 /* ExpenseCategoryPage.swift */,
				94309B332235953500B70232 /* ExpenseDetailPage.swift */,
				94309B2E22358B3E00B70232 /* ExpenseListPage.swift */,
				942355F822428D7200AC1036 /* FilteredExpenseListPage.swift */,
				942355FE2242940E00AC1036 /* TabBarPageObect.swift */,
			);
			path = "Page Objects";
			sourceTree = "<group>";
		};
		94309B3D22369E4000B70232 /* Tests */ = {
			isa = PBXGroup;
			children = (
				942355FC22428EE400AC1036 /* AnalyzeExpensesPageTests.swift */,
				94309B4822381B3300B70232 /* ExpenseCategoryPageTests.swift */,
				94309B37223597D800B70232 /* ExpenseDetailPageTests.swift */,
				94309B3022358F3300B70232 /* ExpenseListPageTests.swift */,
				943170C721E01A5D00109FC8 /* ThriftEUIBaseTestCase.swift */,
			);
			path = Tests;
			sourceTree = "<group>";
		};
		94309B3F22369E5200B70232 /* Test Helpers */ = {
			isa = PBXGroup;
			children = (
				94309B4022369E6900B70232 /* Springboard.swift */,
				94309B442237F6B200B70232 /* DateFormattingFunctions.swift */,
				942356002245356200AC1036 /* XCUIElement+Helpers.swift */,
			);
			path = "Test Helpers";
			sourceTree = "<group>";
		};
		9431709B21E01A5C00109FC8 = {
			isa = PBXGroup;
			children = (
				9403F942222DE8DE00E6159D /* Expense+CoreDataClass.swift */,
				9403F943222DE8DE00E6159D /* Expense+CoreDataProperties.swift */,
				943170A621E01A5C00109FC8 /* ThriftE */,
				943170BB21E01A5D00109FC8 /* ThriftETests */,
				943170C621E01A5D00109FC8 /* ThriftEUITests */,
				943170A521E01A5C00109FC8 /* Products */,
				F1A5D915A931A7FEFB759045 /* Pods */,
				81094C9DA8F21F506370E542 /* Frameworks */,
			);
			sourceTree = "<group>";
		};
		943170A521E01A5C00109FC8 /* Products */ = {
			isa = PBXGroup;
			children = (
				943170A421E01A5C00109FC8 /* ThriftE.app */,
				943170B821E01A5D00109FC8 /* ThriftETests.xctest */,
				943170C321E01A5D00109FC8 /* ThriftEUITests.xctest */,
			);
			name = Products;
			sourceTree = "<group>";
		};
		943170A621E01A5C00109FC8 /* ThriftE */ = {
			isa = PBXGroup;
			children = (
				94AECF91222323F100730707 /* AnalyzeExpensesViewController.swift */,
				943170A721E01A5C00109FC8 /* AppDelegate.swift */,
				943170AE21E01A5D00109FC8 /* Assets.xcassets */,
				9425855B223EB1C80054863F /* BaseExpenseListViewController.swift */,
				94E72DE3222DCF7E0035F789 /* DataModel.xcdatamodeld */,
				94BE65EC223FF206004841B5 /* Date+Helpers.swift */,
				94E72DDF2226F22C0035F789 /* ExpenseCategories.swift */,
				9413D3832225B38E00040243 /* ExpenseCategoryPickerViewController.swift */,
				949FD71721E1337D00B4212D /* ExpenseDetailViewController.swift */,
				94309B52223B015100B70232 /* ExpenseListCell.swift */,
				943170A921E01A5C00109FC8 /* ExpenseListViewController.swift */,
				94258559223E9F490054863F /* FilteredExpenseListViewController.swift */,
				94AECF8F222322D800730707 /* Functions.swift */,
				943170B321E01A5D00109FC8 /* Info.plist */,
				943170B021E01A5D00109FC8 /* LaunchScreen.storyboard */,
				943170AB21E01A5C00109FC8 /* Main.storyboard */,
				94309B50223AC48D00B70232 /* MyTabBarController.swift */,
			);
			path = ThriftE;
			sourceTree = "<group>";
		};
		943170BB21E01A5D00109FC8 /* ThriftETests */ = {
			isa = PBXGroup;
			children = (
				943170BC21E01A5D00109FC8 /* ThriftETests.swift */,
				943170BE21E01A5D00109FC8 /* Info.plist */,
			);
			path = ThriftETests;
			sourceTree = "<group>";
		};
		943170C621E01A5D00109FC8 /* ThriftEUITests */ = {
			isa = PBXGroup;
			children = (
				94309B3222358F5A00B70232 /* Page Objects */,
				94309B3F22369E5200B70232 /* Test Helpers */,
				94309B3D22369E4000B70232 /* Tests */,
				943170C921E01A5D00109FC8 /* Info.plist */,
			);
			path = ThriftEUITests;
			sourceTree = "<group>";
		};
		F1A5D915A931A7FEFB759045 /* Pods */ = {
			isa = PBXGroup;
			children = (
				6E81D98265BE94D7CCEE86EC /* Pods-ThriftE.debug.xcconfig */,
				5B3937BC03D1A78D06A17DD8 /* Pods-ThriftE.release.xcconfig */,
				10D147D877DC5AB6AE6C67DB /* Pods-ThriftETests.debug.xcconfig */,
				8EEFEE9B0BE5782E394E1E13 /* Pods-ThriftETests.release.xcconfig */,
				4932405A901907F909209FDC /* Pods-ThriftEUITests.debug.xcconfig */,
				B15D44B28F315796C27538CF /* Pods-ThriftEUITests.release.xcconfig */,
			);
			path = Pods;
			sourceTree = "<group>";
		};
/* End PBXGroup section */

/* Begin PBXNativeTarget section */
		943170A321E01A5C00109FC8 /* ThriftE */ = {
			isa = PBXNativeTarget;
			buildConfigurationList = 943170CC21E01A5D00109FC8 /* Build configuration list for PBXNativeTarget "ThriftE" */;
			buildPhases = (
				7743991CB9D2F9D5EAA724E9 /* [CP] Check Pods Manifest.lock */,
				943170A021E01A5C00109FC8 /* Sources */,
				943170A121E01A5C00109FC8 /* Frameworks */,
				943170A221E01A5C00109FC8 /* Resources */,
				EBBE2D972756A77C64D630F4 /* [CP] Embed Pods Frameworks */,
			);
			buildRules = (
			);
			dependencies = (
			);
			name = ThriftE;
			productName = ThriftE;
			productReference = 943170A421E01A5C00109FC8 /* ThriftE.app */;
			productType = "com.apple.product-type.application";
		};
		943170B721E01A5D00109FC8 /* ThriftETests */ = {
			isa = PBXNativeTarget;
			buildConfigurationList = 943170CF21E01A5D00109FC8 /* Build configuration list for PBXNativeTarget "ThriftETests" */;
			buildPhases = (
				54726B173B5764D80218A9D5 /* [CP] Check Pods Manifest.lock */,
				943170B421E01A5D00109FC8 /* Sources */,
				943170B521E01A5D00109FC8 /* Frameworks */,
				943170B621E01A5D00109FC8 /* Resources */,
			);
			buildRules = (
			);
			dependencies = (
				943170BA21E01A5D00109FC8 /* PBXTargetDependency */,
			);
			name = ThriftETests;
			productName = ThriftETests;
			productReference = 943170B821E01A5D00109FC8 /* ThriftETests.xctest */;
			productType = "com.apple.product-type.bundle.unit-test";
		};
		943170C221E01A5D00109FC8 /* ThriftEUITests */ = {
			isa = PBXNativeTarget;
			buildConfigurationList = 943170D221E01A5D00109FC8 /* Build configuration list for PBXNativeTarget "ThriftEUITests" */;
			buildPhases = (
				B9694474E7DDD554872CB74E /* [CP] Check Pods Manifest.lock */,
				943170BF21E01A5D00109FC8 /* Sources */,
				943170C021E01A5D00109FC8 /* Frameworks */,
				943170C121E01A5D00109FC8 /* Resources */,
				6AECF133B9F225BF43D7642E /* [CP] Embed Pods Frameworks */,
			);
			buildRules = (
			);
			dependencies = (
				943170C521E01A5D00109FC8 /* PBXTargetDependency */,
			);
			name = ThriftEUITests;
			productName = ThriftEUITests;
			productReference = 943170C321E01A5D00109FC8 /* ThriftEUITests.xctest */;
			productType = "com.apple.product-type.bundle.ui-testing";
		};
/* End PBXNativeTarget section */

/* Begin PBXProject section */
		9431709C21E01A5C00109FC8 /* Project object */ = {
			isa = PBXProject;
			attributes = {
				LastSwiftUpdateCheck = 1010;
				LastUpgradeCheck = 1010;
				ORGANIZATIONNAME = "Yavor Dimov";
				TargetAttributes = {
					943170A321E01A5C00109FC8 = {
						CreatedOnToolsVersion = 10.1;
					};
					943170B721E01A5D00109FC8 = {
						CreatedOnToolsVersion = 10.1;
						TestTargetID = 943170A321E01A5C00109FC8;
					};
					943170C221E01A5D00109FC8 = {
						CreatedOnToolsVersion = 10.1;
						TestTargetID = 943170A321E01A5C00109FC8;
					};
				};
			};
			buildConfigurationList = 9431709F21E01A5C00109FC8 /* Build configuration list for PBXProject "ThriftE" */;
			compatibilityVersion = "Xcode 9.3";
			developmentRegion = en;
			hasScannedForEncodings = 0;
			knownRegions = (
				en,
				Base,
			);
			mainGroup = 9431709B21E01A5C00109FC8;
			productRefGroup = 943170A521E01A5C00109FC8 /* Products */;
			projectDirPath = "";
			projectRoot = "";
			targets = (
				943170A321E01A5C00109FC8 /* ThriftE */,
				943170B721E01A5D00109FC8 /* ThriftETests */,
				943170C221E01A5D00109FC8 /* ThriftEUITests */,
			);
		};
/* End PBXProject section */

/* Begin PBXResourcesBuildPhase section */
		943170A221E01A5C00109FC8 /* Resources */ = {
			isa = PBXResourcesBuildPhase;
			buildActionMask = 2147483647;
			files = (
				943170B221E01A5D00109FC8 /* LaunchScreen.storyboard in Resources */,
				943170AF21E01A5D00109FC8 /* Assets.xcassets in Resources */,
				943170AD21E01A5C00109FC8 /* Main.storyboard in Resources */,
			);
			runOnlyForDeploymentPostprocessing = 0;
		};
		943170B621E01A5D00109FC8 /* Resources */ = {
			isa = PBXResourcesBuildPhase;
			buildActionMask = 2147483647;
			files = (
			);
			runOnlyForDeploymentPostprocessing = 0;
		};
		943170C121E01A5D00109FC8 /* Resources */ = {
			isa = PBXResourcesBuildPhase;
			buildActionMask = 2147483647;
			files = (
			);
			runOnlyForDeploymentPostprocessing = 0;
		};
/* End PBXResourcesBuildPhase section */

/* Begin PBXShellScriptBuildPhase section */
		54726B173B5764D80218A9D5 /* [CP] Check Pods Manifest.lock */ = {
			isa = PBXShellScriptBuildPhase;
			buildActionMask = 2147483647;
			files = (
			);
			inputFileListPaths = (
			);
			inputPaths = (
				"${PODS_PODFILE_DIR_PATH}/Podfile.lock",
				"${PODS_ROOT}/Manifest.lock",
			);
			name = "[CP] Check Pods Manifest.lock";
			outputFileListPaths = (
			);
			outputPaths = (
				"$(DERIVED_FILE_DIR)/Pods-ThriftETests-checkManifestLockResult.txt",
			);
			runOnlyForDeploymentPostprocessing = 0;
			shellPath = /bin/sh;
			shellScript = "diff \"${PODS_PODFILE_DIR_PATH}/Podfile.lock\" \"${PODS_ROOT}/Manifest.lock\" > /dev/null\nif [ $? != 0 ] ; then\n    # print error to STDERR\n    echo \"error: The sandbox is not in sync with the Podfile.lock. Run 'pod install' or update your CocoaPods installation.\" >&2\n    exit 1\nfi\n# This output is used by Xcode 'outputs' to avoid re-running this script phase.\necho \"SUCCESS\" > \"${SCRIPT_OUTPUT_FILE_0}\"\n";
			showEnvVarsInLog = 0;
		};
		6AECF133B9F225BF43D7642E /* [CP] Embed Pods Frameworks */ = {
			isa = PBXShellScriptBuildPhase;
			buildActionMask = 2147483647;
			files = (
			);
			inputFileListPaths = (
			);
			inputPaths = (
				"${PODS_ROOT}/Target Support Files/Pods-ThriftEUITests/Pods-ThriftEUITests-frameworks.sh",
				"${BUILT_PRODUCTS_DIR}/Charts/Charts.framework",
				"${BUILT_PRODUCTS_DIR}/JTAppleCalendar/JTAppleCalendar.framework",
			);
			name = "[CP] Embed Pods Frameworks";
			outputFileListPaths = (
			);
			outputPaths = (
				"${TARGET_BUILD_DIR}/${FRAMEWORKS_FOLDER_PATH}/Charts.framework",
				"${TARGET_BUILD_DIR}/${FRAMEWORKS_FOLDER_PATH}/JTAppleCalendar.framework",
			);
			runOnlyForDeploymentPostprocessing = 0;
			shellPath = /bin/sh;
			shellScript = "\"${PODS_ROOT}/Target Support Files/Pods-ThriftEUITests/Pods-ThriftEUITests-frameworks.sh\"\n";
			showEnvVarsInLog = 0;
		};
		7743991CB9D2F9D5EAA724E9 /* [CP] Check Pods Manifest.lock */ = {
			isa = PBXShellScriptBuildPhase;
			buildActionMask = 2147483647;
			files = (
			);
			inputFileListPaths = (
			);
			inputPaths = (
				"${PODS_PODFILE_DIR_PATH}/Podfile.lock",
				"${PODS_ROOT}/Manifest.lock",
			);
			name = "[CP] Check Pods Manifest.lock";
			outputFileListPaths = (
			);
			outputPaths = (
				"$(DERIVED_FILE_DIR)/Pods-ThriftE-checkManifestLockResult.txt",
			);
			runOnlyForDeploymentPostprocessing = 0;
			shellPath = /bin/sh;
			shellScript = "diff \"${PODS_PODFILE_DIR_PATH}/Podfile.lock\" \"${PODS_ROOT}/Manifest.lock\" > /dev/null\nif [ $? != 0 ] ; then\n    # print error to STDERR\n    echo \"error: The sandbox is not in sync with the Podfile.lock. Run 'pod install' or update your CocoaPods installation.\" >&2\n    exit 1\nfi\n# This output is used by Xcode 'outputs' to avoid re-running this script phase.\necho \"SUCCESS\" > \"${SCRIPT_OUTPUT_FILE_0}\"\n";
			showEnvVarsInLog = 0;
		};
		B9694474E7DDD554872CB74E /* [CP] Check Pods Manifest.lock */ = {
			isa = PBXShellScriptBuildPhase;
			buildActionMask = 2147483647;
			files = (
			);
			inputFileListPaths = (
			);
			inputPaths = (
				"${PODS_PODFILE_DIR_PATH}/Podfile.lock",
				"${PODS_ROOT}/Manifest.lock",
			);
			name = "[CP] Check Pods Manifest.lock";
			outputFileListPaths = (
			);
			outputPaths = (
				"$(DERIVED_FILE_DIR)/Pods-ThriftEUITests-checkManifestLockResult.txt",
			);
			runOnlyForDeploymentPostprocessing = 0;
			shellPath = /bin/sh;
			shellScript = "diff \"${PODS_PODFILE_DIR_PATH}/Podfile.lock\" \"${PODS_ROOT}/Manifest.lock\" > /dev/null\nif [ $? != 0 ] ; then\n    # print error to STDERR\n    echo \"error: The sandbox is not in sync with the Podfile.lock. Run 'pod install' or update your CocoaPods installation.\" >&2\n    exit 1\nfi\n# This output is used by Xcode 'outputs' to avoid re-running this script phase.\necho \"SUCCESS\" > \"${SCRIPT_OUTPUT_FILE_0}\"\n";
			showEnvVarsInLog = 0;
		};
		EBBE2D972756A77C64D630F4 /* [CP] Embed Pods Frameworks */ = {
			isa = PBXShellScriptBuildPhase;
			buildActionMask = 2147483647;
			files = (
			);
			inputFileListPaths = (
			);
			inputPaths = (
				"${PODS_ROOT}/Target Support Files/Pods-ThriftE/Pods-ThriftE-frameworks.sh",
				"${BUILT_PRODUCTS_DIR}/Charts/Charts.framework",
				"${BUILT_PRODUCTS_DIR}/JTAppleCalendar/JTAppleCalendar.framework",
			);
			name = "[CP] Embed Pods Frameworks";
			outputFileListPaths = (
			);
			outputPaths = (
				"${TARGET_BUILD_DIR}/${FRAMEWORKS_FOLDER_PATH}/Charts.framework",
				"${TARGET_BUILD_DIR}/${FRAMEWORKS_FOLDER_PATH}/JTAppleCalendar.framework",
			);
			runOnlyForDeploymentPostprocessing = 0;
			shellPath = /bin/sh;
			shellScript = "\"${PODS_ROOT}/Target Support Files/Pods-ThriftE/Pods-ThriftE-frameworks.sh\"\n";
			showEnvVarsInLog = 0;
		};
/* End PBXShellScriptBuildPhase section */

/* Begin PBXSourcesBuildPhase section */
		943170A021E01A5C00109FC8 /* Sources */ = {
			isa = PBXSourcesBuildPhase;
			buildActionMask = 2147483647;
			files = (
				94E72DE5222DCF7E0035F789 /* DataModel.xcdatamodeld in Sources */,
				9425855A223E9F490054863F /* FilteredExpenseListViewController.swift in Sources */,
				9403F944222DE8DE00E6159D /* Expense+CoreDataClass.swift in Sources */,
				943170AA21E01A5C00109FC8 /* ExpenseListViewController.swift in Sources */,
				9425855C223EB1C80054863F /* BaseExpenseListViewController.swift in Sources */,
				949FD71821E1337D00B4212D /* ExpenseDetailViewController.swift in Sources */,
				9413D3842225B38E00040243 /* ExpenseCategoryPickerViewController.swift in Sources */,
				94309B51223AC48D00B70232 /* MyTabBarController.swift in Sources */,
				943170A821E01A5C00109FC8 /* AppDelegate.swift in Sources */,
				94BE65ED223FF206004841B5 /* Date+Helpers.swift in Sources */,
				9403F945222DE8DE00E6159D /* Expense+CoreDataProperties.swift in Sources */,
				94AECF90222322D800730707 /* Functions.swift in Sources */,
				94E72DE02226F22C0035F789 /* ExpenseCategories.swift in Sources */,
				94AECF92222323F100730707 /* AnalyzeExpensesViewController.swift in Sources */,
				94309B53223B015100B70232 /* ExpenseListCell.swift in Sources */,
			);
			runOnlyForDeploymentPostprocessing = 0;
		};
		943170B421E01A5D00109FC8 /* Sources */ = {
			isa = PBXSourcesBuildPhase;
			buildActionMask = 2147483647;
			files = (
				943170BD21E01A5D00109FC8 /* ThriftETests.swift in Sources */,
			);
			runOnlyForDeploymentPostprocessing = 0;
		};
		943170BF21E01A5D00109FC8 /* Sources */ = {
			isa = PBXSourcesBuildPhase;
			buildActionMask = 2147483647;
			files = (
				94309B2F22358B3E00B70232 /* ExpenseListPage.swift in Sources */,
				942355FF2242940E00AC1036 /* TabBarPageObect.swift in Sources */,
				942355FD22428EE400AC1036 /* AnalyzeExpensesPageTests.swift in Sources */,
				94309B4922381B3300B70232 /* ExpenseCategoryPageTests.swift in Sources */,
				942355FB22428E1600AC1036 /* AnalyzeExpensesPage.swift in Sources */,
				942355F922428D7200AC1036 /* FilteredExpenseListPage.swift in Sources */,
				943170C821E01A5D00109FC8 /* ThriftEUIBaseTestCase.swift in Sources */,
				94309B342235953500B70232 /* ExpenseDetailPage.swift in Sources */,
				94309B3122358F3300B70232 /* ExpenseListPageTests.swift in Sources */,
				942356012245356300AC1036 /* XCUIElement+Helpers.swift in Sources */,
				94309B38223597D800B70232 /* ExpenseDetailPageTests.swift in Sources */,
				94309B452237F6B200B70232 /* DateFormattingFunctions.swift in Sources */,
				94309B4122369E6900B70232 /* Springboard.swift in Sources */,
				94309B4722380DDE00B70232 /* ExpenseCategoryPage.swift in Sources */,
			);
			runOnlyForDeploymentPostprocessing = 0;
		};
/* End PBXSourcesBuildPhase section */

/* Begin PBXTargetDependency section */
		943170BA21E01A5D00109FC8 /* PBXTargetDependency */ = {
			isa = PBXTargetDependency;
			target = 943170A321E01A5C00109FC8 /* ThriftE */;
			targetProxy = 943170B921E01A5D00109FC8 /* PBXContainerItemProxy */;
		};
		943170C521E01A5D00109FC8 /* PBXTargetDependency */ = {
			isa = PBXTargetDependency;
			target = 943170A321E01A5C00109FC8 /* ThriftE */;
			targetProxy = 943170C421E01A5D00109FC8 /* PBXContainerItemProxy */;
		};
/* End PBXTargetDependency section */

/* Begin PBXVariantGroup section */
		943170AB21E01A5C00109FC8 /* Main.storyboard */ = {
			isa = PBXVariantGroup;
			children = (
				943170AC21E01A5C00109FC8 /* Base */,
			);
			name = Main.storyboard;
			sourceTree = "<group>";
		};
		943170B021E01A5D00109FC8 /* LaunchScreen.storyboard */ = {
			isa = PBXVariantGroup;
			children = (
				943170B121E01A5D00109FC8 /* Base */,
			);
			name = LaunchScreen.storyboard;
			sourceTree = "<group>";
		};
/* End PBXVariantGroup section */

/* Begin XCBuildConfiguration section */
		943170CA21E01A5D00109FC8 /* Debug */ = {
			isa = XCBuildConfiguration;
			buildSettings = {
				ALWAYS_SEARCH_USER_PATHS = NO;
				CLANG_ANALYZER_NONNULL = YES;
				CLANG_ANALYZER_NUMBER_OBJECT_CONVERSION = YES_AGGRESSIVE;
				CLANG_CXX_LANGUAGE_STANDARD = "gnu++14";
				CLANG_CXX_LIBRARY = "libc++";
				CLANG_ENABLE_MODULES = YES;
				CLANG_ENABLE_OBJC_ARC = YES;
				CLANG_ENABLE_OBJC_WEAK = YES;
				CLANG_WARN_BLOCK_CAPTURE_AUTORELEASING = YES;
				CLANG_WARN_BOOL_CONVERSION = YES;
				CLANG_WARN_COMMA = YES;
				CLANG_WARN_CONSTANT_CONVERSION = YES;
				CLANG_WARN_DEPRECATED_OBJC_IMPLEMENTATIONS = YES;
				CLANG_WARN_DIRECT_OBJC_ISA_USAGE = YES_ERROR;
				CLANG_WARN_DOCUMENTATION_COMMENTS = YES;
				CLANG_WARN_EMPTY_BODY = YES;
				CLANG_WARN_ENUM_CONVERSION = YES;
				CLANG_WARN_INFINITE_RECURSION = YES;
				CLANG_WARN_INT_CONVERSION = YES;
				CLANG_WARN_NON_LITERAL_NULL_CONVERSION = YES;
				CLANG_WARN_OBJC_IMPLICIT_RETAIN_SELF = YES;
				CLANG_WARN_OBJC_LITERAL_CONVERSION = YES;
				CLANG_WARN_OBJC_ROOT_CLASS = YES_ERROR;
				CLANG_WARN_RANGE_LOOP_ANALYSIS = YES;
				CLANG_WARN_STRICT_PROTOTYPES = YES;
				CLANG_WARN_SUSPICIOUS_MOVE = YES;
				CLANG_WARN_UNGUARDED_AVAILABILITY = YES_AGGRESSIVE;
				CLANG_WARN_UNREACHABLE_CODE = YES;
				CLANG_WARN__DUPLICATE_METHOD_MATCH = YES;
				CODE_SIGN_IDENTITY = "iPhone Developer";
				COPY_PHASE_STRIP = NO;
				DEBUG_INFORMATION_FORMAT = dwarf;
				ENABLE_STRICT_OBJC_MSGSEND = YES;
				ENABLE_TESTABILITY = YES;
				GCC_C_LANGUAGE_STANDARD = gnu11;
				GCC_DYNAMIC_NO_PIC = NO;
				GCC_NO_COMMON_BLOCKS = YES;
				GCC_OPTIMIZATION_LEVEL = 0;
				GCC_PREPROCESSOR_DEFINITIONS = (
					"DEBUG=1",
					"$(inherited)",
				);
				GCC_WARN_64_TO_32_BIT_CONVERSION = YES;
				GCC_WARN_ABOUT_RETURN_TYPE = YES_ERROR;
				GCC_WARN_UNDECLARED_SELECTOR = YES;
				GCC_WARN_UNINITIALIZED_AUTOS = YES_AGGRESSIVE;
				GCC_WARN_UNUSED_FUNCTION = YES;
				GCC_WARN_UNUSED_VARIABLE = YES;
				IPHONEOS_DEPLOYMENT_TARGET = 12.1;
				MTL_ENABLE_DEBUG_INFO = INCLUDE_SOURCE;
				MTL_FAST_MATH = YES;
				ONLY_ACTIVE_ARCH = YES;
				SDKROOT = iphoneos;
				SWIFT_ACTIVE_COMPILATION_CONDITIONS = DEBUG;
				SWIFT_OPTIMIZATION_LEVEL = "-Onone";
			};
			name = Debug;
		};
		943170CB21E01A5D00109FC8 /* Release */ = {
			isa = XCBuildConfiguration;
			buildSettings = {
				ALWAYS_SEARCH_USER_PATHS = NO;
				CLANG_ANALYZER_NONNULL = YES;
				CLANG_ANALYZER_NUMBER_OBJECT_CONVERSION = YES_AGGRESSIVE;
				CLANG_CXX_LANGUAGE_STANDARD = "gnu++14";
				CLANG_CXX_LIBRARY = "libc++";
				CLANG_ENABLE_MODULES = YES;
				CLANG_ENABLE_OBJC_ARC = YES;
				CLANG_ENABLE_OBJC_WEAK = YES;
				CLANG_WARN_BLOCK_CAPTURE_AUTORELEASING = YES;
				CLANG_WARN_BOOL_CONVERSION = YES;
				CLANG_WARN_COMMA = YES;
				CLANG_WARN_CONSTANT_CONVERSION = YES;
				CLANG_WARN_DEPRECATED_OBJC_IMPLEMENTATIONS = YES;
				CLANG_WARN_DIRECT_OBJC_ISA_USAGE = YES_ERROR;
				CLANG_WARN_DOCUMENTATION_COMMENTS = YES;
				CLANG_WARN_EMPTY_BODY = YES;
				CLANG_WARN_ENUM_CONVERSION = YES;
				CLANG_WARN_INFINITE_RECURSION = YES;
				CLANG_WARN_INT_CONVERSION = YES;
				CLANG_WARN_NON_LITERAL_NULL_CONVERSION = YES;
				CLANG_WARN_OBJC_IMPLICIT_RETAIN_SELF = YES;
				CLANG_WARN_OBJC_LITERAL_CONVERSION = YES;
				CLANG_WARN_OBJC_ROOT_CLASS = YES_ERROR;
				CLANG_WARN_RANGE_LOOP_ANALYSIS = YES;
				CLANG_WARN_STRICT_PROTOTYPES = YES;
				CLANG_WARN_SUSPICIOUS_MOVE = YES;
				CLANG_WARN_UNGUARDED_AVAILABILITY = YES_AGGRESSIVE;
				CLANG_WARN_UNREACHABLE_CODE = YES;
				CLANG_WARN__DUPLICATE_METHOD_MATCH = YES;
				CODE_SIGN_IDENTITY = "iPhone Developer";
				COPY_PHASE_STRIP = NO;
				DEBUG_INFORMATION_FORMAT = "dwarf-with-dsym";
				ENABLE_NS_ASSERTIONS = NO;
				ENABLE_STRICT_OBJC_MSGSEND = YES;
				GCC_C_LANGUAGE_STANDARD = gnu11;
				GCC_NO_COMMON_BLOCKS = YES;
				GCC_WARN_64_TO_32_BIT_CONVERSION = YES;
				GCC_WARN_ABOUT_RETURN_TYPE = YES_ERROR;
				GCC_WARN_UNDECLARED_SELECTOR = YES;
				GCC_WARN_UNINITIALIZED_AUTOS = YES_AGGRESSIVE;
				GCC_WARN_UNUSED_FUNCTION = YES;
				GCC_WARN_UNUSED_VARIABLE = YES;
				IPHONEOS_DEPLOYMENT_TARGET = 12.1;
				MTL_ENABLE_DEBUG_INFO = NO;
				MTL_FAST_MATH = YES;
				SDKROOT = iphoneos;
				SWIFT_COMPILATION_MODE = wholemodule;
				SWIFT_OPTIMIZATION_LEVEL = "-O";
				VALIDATE_PRODUCT = YES;
			};
			name = Release;
		};
		943170CD21E01A5D00109FC8 /* Debug */ = {
			isa = XCBuildConfiguration;
			baseConfigurationReference = 6E81D98265BE94D7CCEE86EC /* Pods-ThriftE.debug.xcconfig */;
			buildSettings = {
				ASSETCATALOG_COMPILER_APPICON_NAME = AppIcon;
				CODE_SIGN_STYLE = Automatic;
				DEVELOPMENT_TEAM = 2V64A49P2W;
				INFOPLIST_FILE = ThriftE/Info.plist;
				LD_RUNPATH_SEARCH_PATHS = (
					"$(inherited)",
					"@executable_path/Frameworks",
				);
				PRODUCT_BUNDLE_IDENTIFIER = YDCO.ThriftE;
				PRODUCT_NAME = "$(TARGET_NAME)";
				SWIFT_VERSION = 4.2;
				TARGETED_DEVICE_FAMILY = "1,2";
			};
			name = Debug;
		};
		943170CE21E01A5D00109FC8 /* Release */ = {
			isa = XCBuildConfiguration;
			baseConfigurationReference = 5B3937BC03D1A78D06A17DD8 /* Pods-ThriftE.release.xcconfig */;
			buildSettings = {
				ASSETCATALOG_COMPILER_APPICON_NAME = AppIcon;
				CODE_SIGN_STYLE = Automatic;
				DEVELOPMENT_TEAM = 2V64A49P2W;
				INFOPLIST_FILE = ThriftE/Info.plist;
				LD_RUNPATH_SEARCH_PATHS = (
					"$(inherited)",
					"@executable_path/Frameworks",
				);
				PRODUCT_BUNDLE_IDENTIFIER = YDCO.ThriftE;
				PRODUCT_NAME = "$(TARGET_NAME)";
				SWIFT_VERSION = 4.2;
				TARGETED_DEVICE_FAMILY = "1,2";
			};
			name = Release;
		};
		943170D021E01A5D00109FC8 /* Debug */ = {
			isa = XCBuildConfiguration;
			baseConfigurationReference = 10D147D877DC5AB6AE6C67DB /* Pods-ThriftETests.debug.xcconfig */;
			buildSettings = {
				ALWAYS_EMBED_SWIFT_STANDARD_LIBRARIES = YES;
				BUNDLE_LOADER = "$(TEST_HOST)";
				CODE_SIGN_STYLE = Automatic;
				DEVELOPMENT_TEAM = 2V64A49P2W;
				INFOPLIST_FILE = ThriftETests/Info.plist;
				LD_RUNPATH_SEARCH_PATHS = (
					"$(inherited)",
					"@executable_path/Frameworks",
					"@loader_path/Frameworks",
				);
				PRODUCT_BUNDLE_IDENTIFIER = YDCO.ThriftETests;
				PRODUCT_NAME = "$(TARGET_NAME)";
				SWIFT_VERSION = 4.2;
				TARGETED_DEVICE_FAMILY = "1,2";
				TEST_HOST = "$(BUILT_PRODUCTS_DIR)/ThriftE.app/ThriftE";
			};
			name = Debug;
		};
		943170D121E01A5D00109FC8 /* Release */ = {
			isa = XCBuildConfiguration;
			baseConfigurationReference = 8EEFEE9B0BE5782E394E1E13 /* Pods-ThriftETests.release.xcconfig */;
			buildSettings = {
				ALWAYS_EMBED_SWIFT_STANDARD_LIBRARIES = YES;
				BUNDLE_LOADER = "$(TEST_HOST)";
				CODE_SIGN_STYLE = Automatic;
				DEVELOPMENT_TEAM = 2V64A49P2W;
				INFOPLIST_FILE = ThriftETests/Info.plist;
				LD_RUNPATH_SEARCH_PATHS = (
					"$(inherited)",
					"@executable_path/Frameworks",
					"@loader_path/Frameworks",
				);
				PRODUCT_BUNDLE_IDENTIFIER = YDCO.ThriftETests;
				PRODUCT_NAME = "$(TARGET_NAME)";
				SWIFT_VERSION = 4.2;
				TARGETED_DEVICE_FAMILY = "1,2";
				TEST_HOST = "$(BUILT_PRODUCTS_DIR)/ThriftE.app/ThriftE";
			};
			name = Release;
		};
		943170D321E01A5D00109FC8 /* Debug */ = {
			isa = XCBuildConfiguration;
			baseConfigurationReference = 4932405A901907F909209FDC /* Pods-ThriftEUITests.debug.xcconfig */;
			buildSettings = {
				ALWAYS_EMBED_SWIFT_STANDARD_LIBRARIES = YES;
				CODE_SIGN_STYLE = Automatic;
				DEVELOPMENT_TEAM = 2V64A49P2W;
				INFOPLIST_FILE = ThriftEUITests/Info.plist;
				LD_RUNPATH_SEARCH_PATHS = (
					"$(inherited)",
					"@executable_path/Frameworks",
					"@loader_path/Frameworks",
				);
				PRODUCT_BUNDLE_IDENTIFIER = YDCO.ThriftEUITests;
				PRODUCT_NAME = "$(TARGET_NAME)";
				SWIFT_VERSION = 4.2;
				TARGETED_DEVICE_FAMILY = "1,2";
				TEST_TARGET_NAME = ThriftE;
			};
			name = Debug;
		};
		943170D421E01A5D00109FC8 /* Release */ = {
			isa = XCBuildConfiguration;
			baseConfigurationReference = B15D44B28F315796C27538CF /* Pods-ThriftEUITests.release.xcconfig */;
			buildSettings = {
				ALWAYS_EMBED_SWIFT_STANDARD_LIBRARIES = YES;
				CODE_SIGN_STYLE = Automatic;
				DEVELOPMENT_TEAM = 2V64A49P2W;
				INFOPLIST_FILE = ThriftEUITests/Info.plist;
				LD_RUNPATH_SEARCH_PATHS = (
					"$(inherited)",
					"@executable_path/Frameworks",
					"@loader_path/Frameworks",
				);
				PRODUCT_BUNDLE_IDENTIFIER = YDCO.ThriftEUITests;
				PRODUCT_NAME = "$(TARGET_NAME)";
				SWIFT_VERSION = 4.2;
				TARGETED_DEVICE_FAMILY = "1,2";
				TEST_TARGET_NAME = ThriftE;
			};
			name = Release;
		};
/* End XCBuildConfiguration section */

/* Begin XCConfigurationList section */
		9431709F21E01A5C00109FC8 /* Build configuration list for PBXProject "ThriftE" */ = {
			isa = XCConfigurationList;
			buildConfigurations = (
				943170CA21E01A5D00109FC8 /* Debug */,
				943170CB21E01A5D00109FC8 /* Release */,
			);
			defaultConfigurationIsVisible = 0;
			defaultConfigurationName = Release;
		};
		943170CC21E01A5D00109FC8 /* Build configuration list for PBXNativeTarget "ThriftE" */ = {
			isa = XCConfigurationList;
			buildConfigurations = (
				943170CD21E01A5D00109FC8 /* Debug */,
				943170CE21E01A5D00109FC8 /* Release */,
			);
			defaultConfigurationIsVisible = 0;
			defaultConfigurationName = Release;
		};
		943170CF21E01A5D00109FC8 /* Build configuration list for PBXNativeTarget "ThriftETests" */ = {
			isa = XCConfigurationList;
			buildConfigurations = (
				943170D021E01A5D00109FC8 /* Debug */,
				943170D121E01A5D00109FC8 /* Release */,
			);
			defaultConfigurationIsVisible = 0;
			defaultConfigurationName = Release;
		};
		943170D221E01A5D00109FC8 /* Build configuration list for PBXNativeTarget "ThriftEUITests" */ = {
			isa = XCConfigurationList;
			buildConfigurations = (
				943170D321E01A5D00109FC8 /* Debug */,
				943170D421E01A5D00109FC8 /* Release */,
			);
			defaultConfigurationIsVisible = 0;
			defaultConfigurationName = Release;
		};
/* End XCConfigurationList section */

/* Begin XCVersionGroup section */
		94E72DE3222DCF7E0035F789 /* DataModel.xcdatamodeld */ = {
			isa = XCVersionGroup;
			children = (
				94E72DE4222DCF7E0035F789 /* DataModel.xcdatamodel */,
			);
			currentVersion = 94E72DE4222DCF7E0035F789 /* DataModel.xcdatamodel */;
			path = DataModel.xcdatamodeld;
			sourceTree = "<group>";
			versionGroupType = wrapper.xcdatamodel;
		};
/* End XCVersionGroup section */
	};
	rootObject = 9431709C21E01A5C00109FC8 /* Project object */;
}
